
Microsoft Visual Studio Solution File, Format Version 12.00
# Visual Studio 15
VisualStudioVersion = 15.0.28010.2048
MinimumVisualStudioVersion = 10.0.40219.1
Project("{FAE04EC0-301F-11D3-BF4B-00C04F79EFBC}") = "ClaimRemedi.ExcelWriter", "ClaimRemedi.ExcelWriter.csproj", "{F9099791-F633-4039-897F-B120A1E9AF32}"
EndProject
Project("{FAE04EC0-301F-11D3-BF4B-00C04F79EFBC}") = "ExcelWriter.Client", "ExcelWriter.Client\ExcelWriter.Client.csproj", "{AA677830-2EF5-4E13-8328-2A068E5A7F70}"
EndProject
Global
	GlobalSection(SolutionConfigurationPlatforms) = preSolution
		Debug|Any CPU = Debug|Any CPU
		Release|Any CPU = Release|Any CPU
	EndGlobalSection
	GlobalSection(ProjectConfigurationPlatforms) = postSolution
		{F9099791-F633-4039-897F-B120A1E9AF32}.Debug|Any CPU.ActiveCfg = Debug|Any CPU
		{F9099791-F633-4039-897F-B120A1E9AF32}.Debug|Any CPU.Build.0 = Debug|Any CPU
		{F9099791-F633-4039-897F-B120A1E9AF32}.Release|Any CPU.ActiveCfg = Release|Any CPU
		{F9099791-F633-4039-897F-B120A1E9AF32}.Release|Any CPU.Build.0 = Release|Any CPU
		{AA677830-2EF5-4E13-8328-2A068E5A7F70}.Debug|Any CPU.ActiveCfg = Debug|Any CPU
		{AA677830-2EF5-4E13-8328-2A068E5A7F70}.Debug|Any CPU.Build.0 = Debug|Any CPU
		{AA677830-2EF5-4E13-8328-2A068E5A7F70}.Release|Any CPU.ActiveCfg = Release|Any CPU
		{AA677830-2EF5-4E13-8328-2A068E5A7F70}.Release|Any CPU.Build.0 = Release|Any CPU
	EndGlobalSection
	GlobalSection(SolutionProperties) = preSolution
		HideSolutionNode = FALSE
	EndGlobalSection
	GlobalSection(ExtensibilityGlobals) = postSolution
		SolutionGuid = {D03256F9-3D39-429D-AF66-9F1C44A59F62}
	EndGlobalSection
EndGlobal
